{
  "name": "ip-to-as",
  "version": "1.0.0",
  "lockfileVersion": 3,
  "requires": true,
  "packages": {
    "": {
      "name": "ip-to-as",
      "version": "1.0.0",
      "license": "ISC",
      "dependencies": {
        "ip-ptr": "^3.0.0",
        "ipaddr.js": "^2.2.0"
      },
      "bin": {
        "ip-to-as": "src/ip-to-as.js"
      }
    },
    "node_modules/ip-ptr": {
      "version": "3.0.0",
      "resolved": "https://registry.npmjs.org/ip-ptr/-/ip-ptr-3.0.0.tgz",
      "integrity": "sha512-ll3eQQ2aIQ2Wd+RZR0HIuQcAyccXeLdn7Q1tLltKKiIi/QDvHE1oj3tXg2Z5l4CxLWZ2OhI7x1juuqy33U8W6Q==",
      "license": "BSD-2-Clause",
      "dependencies": {
        "ipaddr.js": "^1.8.1"
      },
      "engines": {
        "node": ">=6"
      }
    },
    "node_modules/ip-ptr/node_modules/ipaddr.js": {
      "version": "1.9.1",
      "resolved": "https://registry.npmjs.org/ipaddr.js/-/ipaddr.js-1.9.1.tgz",
      "integrity": "sha512-0KI/607xoxSToH7GjN1FfSbLoU0+btTicjsQSWQlh/hZykN8KpmMf7uYwPW3R+akZ6R/w18ZlXSHBYXiYUPO3g==",
      "license": "MIT",
      "engines": {
        "node": ">= 0.10"
      }
    },
    "node_modules/ipaddr.js": {
      "version": "2.2.0",
      "resolved": "https://registry.npmjs.org/ipaddr.js/-/ipaddr.js-2.2.0.tgz",
      "integrity": "sha512-Ag3wB2o37wslZS19hZqorUnrnzSkpOVy+IiiDEiTqNubEYpYuHWIf6K4psgN2ZWKExS4xhVCrRVfb/wfW8fWJA==",
      "license": "MIT",
      "engines": {
        "node": ">= 10"
      }
    }
  }
}
